
Microsoft Visual Studio Solution File, Format Version 12.00
# Visual Studio Version 16
VisualStudioVersion = 16.0.31129.286
MinimumVisualStudioVersion = 10.0.40219.1
Project("{2150E333-8FDC-42A3-9474-1A3956D46DE8}") = "BackEnd", "BackEnd", "{E101FEEC-C9D5-4B57-8198-A10468E892A8}"
EndProject
Project("{9A19103F-16F7-4668-BE54-9A1E7A4F7556}") = "SIGA.ServiceApi", "SIGA.ServiceApi\SIGA.ServiceApi.csproj", "{4A5B2F51-FA4D-495B-864D-AE8F2AB5AAE5}"
EndProject
Project("{9A19103F-16F7-4668-BE54-9A1E7A4F7556}") = "SIGA.Entity", "SIGA.Entity\SIGA.Entity.csproj", "{2C24BBA5-3E69-44D6-83FC-C505601B2FF5}"
EndProject
Project("{9A19103F-16F7-4668-BE54-9A1E7A4F7556}") = "SIGA.Repository", "SIGA.Repository\SIGA.Repository.csproj", "{7FACA161-271B-4449-B235-43A29F932851}"
EndProject
Project("{9A19103F-16F7-4668-BE54-9A1E7A4F7556}") = "SIGA.Logic", "SIGA.Logic\SIGA.Logic.csproj", "{4B8FA2A8-DC01-40DD-9237-F0DA035911A1}"
EndProject
Project("{FAE04EC0-301F-11D3-BF4B-00C04F79EFBC}") = "SIGA.Common", "SIGA.Common\SIGA.Common.csproj", "{59109383-C35E-44A8-A901-F3000290C5D3}"
EndProject
Project("{FAE04EC0-301F-11D3-BF4B-00C04F79EFBC}") = "SIGA.DTO", "SIGA.DTO\SIGA.DTO.csproj", "{F19BED81-EC65-47A5-B5C3-1C74F6B89AEA}"
EndProject
Project("{FAE04EC0-301F-11D3-BF4B-00C04F79EFBC}") = "SIGA.Mapper", "SIGA.Mapper\SIGA.Mapper.csproj", "{6C162F6A-94BF-4F3A-B4BB-C321D9D07B7D}"
EndProject
Global
	GlobalSection(SolutionConfigurationPlatforms) = preSolution
		Debug|Any CPU = Debug|Any CPU
		Release|Any CPU = Release|Any CPU
	EndGlobalSection
	GlobalSection(ProjectConfigurationPlatforms) = postSolution
		{4A5B2F51-FA4D-495B-864D-AE8F2AB5AAE5}.Debug|Any CPU.ActiveCfg = Debug|Any CPU
		{4A5B2F51-FA4D-495B-864D-AE8F2AB5AAE5}.Debug|Any CPU.Build.0 = Debug|Any CPU
		{4A5B2F51-FA4D-495B-864D-AE8F2AB5AAE5}.Release|Any CPU.ActiveCfg = Release|Any CPU
		{4A5B2F51-FA4D-495B-864D-AE8F2AB5AAE5}.Release|Any CPU.Build.0 = Release|Any CPU
		{2C24BBA5-3E69-44D6-83FC-C505601B2FF5}.Debug|Any CPU.ActiveCfg = Debug|Any CPU
		{2C24BBA5-3E69-44D6-83FC-C505601B2FF5}.Debug|Any CPU.Build.0 = Debug|Any CPU
		{2C24BBA5-3E69-44D6-83FC-C505601B2FF5}.Release|Any CPU.ActiveCfg = Release|Any CPU
		{2C24BBA5-3E69-44D6-83FC-C505601B2FF5}.Release|Any CPU.Build.0 = Release|Any CPU
		{7FACA161-271B-4449-B235-43A29F932851}.Debug|Any CPU.ActiveCfg = Debug|Any CPU
		{7FACA161-271B-4449-B235-43A29F932851}.Debug|Any CPU.Build.0 = Debug|Any CPU
		{7FACA161-271B-4449-B235-43A29F932851}.Release|Any CPU.ActiveCfg = Release|Any CPU
		{7FACA161-271B-4449-B235-43A29F932851}.Release|Any CPU.Build.0 = Release|Any CPU
		{4B8FA2A8-DC01-40DD-9237-F0DA035911A1}.Debug|Any CPU.ActiveCfg = Debug|Any CPU
		{4B8FA2A8-DC01-40DD-9237-F0DA035911A1}.Debug|Any CPU.Build.0 = Debug|Any CPU
		{4B8FA2A8-DC01-40DD-9237-F0DA035911A1}.Release|Any CPU.ActiveCfg = Release|Any CPU
		{4B8FA2A8-DC01-40DD-9237-F0DA035911A1}.Release|Any CPU.Build.0 = Release|Any CPU
		{59109383-C35E-44A8-A901-F3000290C5D3}.Debug|Any CPU.ActiveCfg = Debug|Any CPU
		{59109383-C35E-44A8-A901-F3000290C5D3}.Debug|Any CPU.Build.0 = Debug|Any CPU
		{59109383-C35E-44A8-A901-F3000290C5D3}.Release|Any CPU.ActiveCfg = Release|Any CPU
		{59109383-C35E-44A8-A901-F3000290C5D3}.Release|Any CPU.Build.0 = Release|Any CPU
		{F19BED81-EC65-47A5-B5C3-1C74F6B89AEA}.Debug|Any CPU.ActiveCfg = Debug|Any CPU
		{F19BED81-EC65-47A5-B5C3-1C74F6B89AEA}.Debug|Any CPU.Build.0 = Debug|Any CPU
		{F19BED81-EC65-47A5-B5C3-1C74F6B89AEA}.Release|Any CPU.ActiveCfg = Release|Any CPU
		{F19BED81-EC65-47A5-B5C3-1C74F6B89AEA}.Release|Any CPU.Build.0 = Release|Any CPU
		{6C162F6A-94BF-4F3A-B4BB-C321D9D07B7D}.Debug|Any CPU.ActiveCfg = Debug|Any CPU
		{6C162F6A-94BF-4F3A-B4BB-C321D9D07B7D}.Debug|Any CPU.Build.0 = Debug|Any CPU
		{6C162F6A-94BF-4F3A-B4BB-C321D9D07B7D}.Release|Any CPU.ActiveCfg = Release|Any CPU
		{6C162F6A-94BF-4F3A-B4BB-C321D9D07B7D}.Release|Any CPU.Build.0 = Release|Any CPU
	EndGlobalSection
	GlobalSection(SolutionProperties) = preSolution
		HideSolutionNode = FALSE
	EndGlobalSection
	GlobalSection(NestedProjects) = preSolution
		{4A5B2F51-FA4D-495B-864D-AE8F2AB5AAE5} = {E101FEEC-C9D5-4B57-8198-A10468E892A8}
		{2C24BBA5-3E69-44D6-83FC-C505601B2FF5} = {E101FEEC-C9D5-4B57-8198-A10468E892A8}
		{7FACA161-271B-4449-B235-43A29F932851} = {E101FEEC-C9D5-4B57-8198-A10468E892A8}
		{4B8FA2A8-DC01-40DD-9237-F0DA035911A1} = {E101FEEC-C9D5-4B57-8198-A10468E892A8}
		{59109383-C35E-44A8-A901-F3000290C5D3} = {E101FEEC-C9D5-4B57-8198-A10468E892A8}
		{F19BED81-EC65-47A5-B5C3-1C74F6B89AEA} = {E101FEEC-C9D5-4B57-8198-A10468E892A8}
		{6C162F6A-94BF-4F3A-B4BB-C321D9D07B7D} = {E101FEEC-C9D5-4B57-8198-A10468E892A8}
	EndGlobalSection
	GlobalSection(ExtensibilityGlobals) = postSolution
		SolutionGuid = {6AE2CBE6-1F1F-453D-88AE-493CA5E89EE7}
	EndGlobalSection
EndGlobal
